// !$*UTF8*$!
{
	archiveVersion = 1;
	classes = {
	};
	objectVersion = 46;
	objects = {

/* Begin PBXBuildFile section */
		23B3DCE91BA7EBB900D54150 /* AppDelegate.swift in Sources */ = {isa = PBXBuildFile; fileRef = 23B3DCE81BA7EBB900D54150 /* AppDelegate.swift */; };
		23B3DCEB1BA7EBB900D54150 /* ViewController.swift in Sources */ = {isa = PBXBuildFile; fileRef = 23B3DCEA1BA7EBB900D54150 /* ViewController.swift */; };
		23B3DCED1BA7EBB900D54150 /* Images.xcassets in Resources */ = {isa = PBXBuildFile; fileRef = 23B3DCEC1BA7EBB900D54150 /* Images.xcassets */; };
		23B3DCF01BA7EBB900D54150 /* Main.storyboard in Resources */ = {isa = PBXBuildFile; fileRef = 23B3DCEE1BA7EBB900D54150 /* Main.storyboard */; };
		23B3DCFC1BA7EBB900D54150 /* jsCallSwiftTests.swift in Sources */ = {isa = PBXBuildFile; fileRef = 23B3DCFB1BA7EBB900D54150 /* jsCallSwiftTests.swift */; };
		23B3DD061BA7EBC300D54150 /* WebKit.framework in Frameworks */ = {isa = PBXBuildFile; fileRef = 23B3DD051BA7EBC300D54150 /* WebKit.framework */; };
		23B3DD081BA7EBD100D54150 /* index.html in Resources */ = {isa = PBXBuildFile; fileRef = 23B3DD071BA7EBD100D54150 /* index.html */; };
/* End PBXBuildFile section */

/* Begin PBXContainerItemProxy section */
		23B3DCF61BA7EBB900D54150 /* PBXContainerItemProxy */ = {
			isa = PBXContainerItemProxy;
			containerPortal = 23B3DCDB1BA7EBB800D54150 /* Project object */;
			proxyType = 1;
			remoteGlobalIDString = 23B3DCE21BA7EBB800D54150;
			remoteInfo = jsCallSwift;
		};
/* End PBXContainerItemProxy section */

/* Begin PBXFileReference section */
		23B3DCE31BA7EBB900D54150 /* jsCallSwift.app */ = {isa = PBXFileReference; explicitFileType = wrapper.application; includeInIndex = 0; path = jsCallSwift.app; sourceTree = BUILT_PRODUCTS_DIR; };
		23B3DCE71BA7EBB900D54150 /* Info.plist */ = {isa = PBXFileReference; lastKnownFileType = text.plist.xml; path = Info.plist; sourceTree = "<group>"; };
		23B3DCE81BA7EBB900D54150 /* AppDelegate.swift */ = {isa = PBXFileReference; lastKnownFileType = sourcecode.swift; path = AppDelegate.swift; sourceTree = "<group>"; };
		23B3DCEA1BA7EBB900D54150 /* ViewController.swift */ = {isa = PBXFileReference; lastKnownFileType = sourcecode.swift; path = ViewController.swift; sourceTree = "<group>"; };
		23B3DCEC1BA7EBB900D54150 /* Images.xcassets */ = {isa = PBXFileReference; lastKnownFileType = folder.assetcatalog; path = Images.xcassets; sourceTree = "<group>"; };
		23B3DCEF1BA7EBB900D54150 /* Base */ = {isa = PBXFileReference; lastKnownFileType = file.storyboard; name = Base; path = Base.lproj/Main.storyboard; sourceTree = "<group>"; };
		23B3DCF51BA7EBB900D54150 /* jsCallSwiftTests.xctest */ = {isa = PBXFileReference; explicitFileType = wrapper.cfbundle; includeInIndex = 0; path = jsCallSwiftTests.xctest; sourceTree = BUILT_PRODUCTS_DIR; };
		23B3DCFA1BA7EBB900D54150 /* Info.plist */ = {isa = PBXFileReference; lastKnownFileType = text.plist.xml; path = Info.plist; sourceTree = "<group>"; };
		23B3DCFB1BA7EBB900D54150 /* jsCallSwiftTests.swift */ = {isa = PBXFileReference; lastKnownFileType = sourcecode.swift; path = jsCallSwiftTests.swift; sourceTree = "<group>"; };
		23B3DD051BA7EBC300D54150 /* WebKit.framework */ = {isa = PBXFileReference; lastKnownFileType = wrapper.framework; name = WebKit.framework; path = System/Library/Frameworks/WebKit.framework; sourceTree = SDKROOT; };
		23B3DD071BA7EBD100D54150 /* index.html */ = {isa = PBXFileReference; fileEncoding = 4; lastKnownFileType = text.html; path = index.html; sourceTree = "<group>"; };
/* End PBXFileReference section */

/* Begin PBXFrameworksBuildPhase section */
		23B3DCE01BA7EBB800D54150 /* Frameworks */ = {
			isa = PBXFrameworksBuildPhase;
			buildActionMask = 2147483647;
			files = (
				23B3DD061BA7EBC300D54150 /* WebKit.framework in Frameworks */,
			);
			runOnlyForDeploymentPostprocessing = 0;
		};
		23B3DCF21BA7EBB900D54150 /* Frameworks */ = {
			isa = PBXFrameworksBuildPhase;
			buildActionMask = 2147483647;
			files = (
			);
			runOnlyForDeploymentPostprocessing = 0;
		};
/* End PBXFrameworksBuildPhase section */

/* Begin PBXGroup section */
		23B3DCDA1BA7EBB800D54150 = {
			isa = PBXGroup;
			children = (
				23B3DD051BA7EBC300D54150 /* WebKit.framework */,
				23B3DCE51BA7EBB900D54150 /* jsCallSwift */,
				23B3DCF81BA7EBB900D54150 /* jsCallSwiftTests */,
				23B3DCE41BA7EBB900D54150 /* Products */,
			);
			sourceTree = "<group>";
		};
		23B3DCE41BA7EBB900D54150 /* Products */ = {
			isa = PBXGroup;
			children = (
				23B3DCE31BA7EBB900D54150 /* jsCallSwift.app */,
				23B3DCF51BA7EBB900D54150 /* jsCallSwiftTests.xctest */,
			);
			name = Products;
			sourceTree = "<group>";
		};
		23B3DCE51BA7EBB900D54150 /* jsCallSwift */ = {
			isa = PBXGroup;
			children = (
				23B3DD071BA7EBD100D54150 /* index.html */,
				23B3DCE81BA7EBB900D54150 /* AppDelegate.swift */,
				23B3DCEA1BA7EBB900D54150 /* ViewController.swift */,
				23B3DCEC1BA7EBB900D54150 /* Images.xcassets */,
				23B3DCEE1BA7EBB900D54150 /* Main.storyboard */,
				23B3DCE61BA7EBB900D54150 /* Supporting Files */,
			);
			path = jsCallSwift;
			sourceTree = "<group>";
		};
		23B3DCE61BA7EBB900D54150 /* Supporting Files */ = {
			isa = PBXGroup;
			children = (
				23B3DCE71BA7EBB900D54150 /* Info.plist */,
			);
			name = "Supporting Files";
			sourceTree = "<group>";
		};
		23B3DCF81BA7EBB900D54150 /* jsCallSwiftTests */ = {
			isa = PBXGroup;
			children = (
				23B3DCFB1BA7EBB900D54150 /* jsCallSwiftTests.swift */,
				23B3DCF91BA7EBB900D54150 /* Supporting Files */,
			);
			path = jsCallSwiftTests;
			sourceTree = "<group>";
		};
		23B3DCF91BA7EBB900D54150 /* Supporting Files */ = {
			isa = PBXGroup;
			children = (
				23B3DCFA1BA7EBB900D54150 /* Info.plist */,
			);
			name = "Supporting Files";
			sourceTree = "<group>";
		};
/* End PBXGroup section */

/* Begin PBXNativeTarget section */
		23B3DCE21BA7EBB800D54150 /* jsCallSwift */ = {
			isa = PBXNativeTarget;
			buildConfigurationList = 23B3DCFF1BA7EBB900D54150 /* Build configuration list for PBXNativeTarget "jsCallSwift" */;
			buildPhases = (
				23B3DCDF1BA7EBB800D54150 /* Sources */,
				23B3DCE01BA7EBB800D54150 /* Frameworks */,
				23B3DCE11BA7EBB800D54150 /* Resources */,
			);
			buildRules = (
			);
			dependencies = (
			);
			name = jsCallSwift;
			productName = jsCallSwift;
			productReference = 23B3DCE31BA7EBB900D54150 /* jsCallSwift.app */;
			productType = "com.apple.product-type.application";
		};
		23B3DCF41BA7EBB900D54150 /* jsCallSwiftTests */ = {
			isa = PBXNativeTarget;
			buildConfigurationList = 23B3DD021BA7EBB900D54150 /* Build configuration list for PBXNativeTarget "jsCallSwiftTests" */;
			buildPhases = (
				23B3DCF11BA7EBB900D54150 /* Sources */,
				23B3DCF21BA7EBB900D54150 /* Frameworks */,
				23B3DCF31BA7EBB900D54150 /* Resources */,
			);
			buildRules = (
			);
			dependencies = (
				23B3DCF71BA7EBB900D54150 /* PBXTargetDependency */,
			);
			name = jsCallSwiftTests;
			productName = jsCallSwiftTests;
			productReference = 23B3DCF51BA7EBB900D54150 /* jsCallSwiftTests.xctest */;
			productType = "com.apple.product-type.bundle.unit-test";
		};
/* End PBXNativeTarget section */

/* Begin PBXProject section */
		23B3DCDB1BA7EBB800D54150 /* Project object */ = {
			isa = PBXProject;
			attributes = {
				LastUpgradeCheck = 0640;
				ORGANIZATIONNAME = bmbhh;
				TargetAttributes = {
					23B3DCE21BA7EBB800D54150 = {
						CreatedOnToolsVersion = 6.4;
					};
					23B3DCF41BA7EBB900D54150 = {
						CreatedOnToolsVersion = 6.4;
						TestTargetID = 23B3DCE21BA7EBB800D54150;
					};
				};
			};
			buildConfigurationList = 23B3DCDE1BA7EBB800D54150 /* Build configuration list for PBXProject "jsCallSwift" */;
			compatibilityVersion = "Xcode 3.2";
			developmentRegion = English;
			hasScannedForEncodings = 0;
			knownRegions = (
				en,
				Base,
			);
			mainGroup = 23B3DCDA1BA7EBB800D54150;
			productRefGroup = 23B3DCE41BA7EBB900D54150 /* Products */;
			projectDirPath = "";
			projectRoot = "";
			targets = (
				23B3DCE21BA7EBB800D54150 /* jsCallSwift */,
				23B3DCF41BA7EBB900D54150 /* jsCallSwiftTests */,
			);
		};
/* End PBXProject section */

/* Begin PBXResourcesBuildPhase section */
		23B3DCE11BA7EBB800D54150 /* Resources */ = {
			isa = PBXResourcesBuildPhase;
			buildActionMask = 2147483647;
			files = (
				23B3DD081BA7EBD100D54150 /* index.html in Resources */,
				23B3DCED1BA7EBB900D54150 /* Images.xcassets in Resources */,
				23B3DCF01BA7EBB900D54150 /* Main.storyboard in Resources */,
			);
			runOnlyForDeploymentPostprocessing = 0;
		};
		23B3DCF31BA7EBB900D54150 /* Resources */ = {
			isa = PBXResourcesBuildPhase;
			buildActionMask = 2147483647;
			files = (
			);
			runOnlyForDeploymentPostprocessing = 0;
		};
/* End PBXResourcesBuildPhase section */

/* Begin PBXSourcesBuildPhase section */
		23B3DCDF1BA7EBB800D54150 /* Sources */ = {
			isa = PBXSourcesBuildPhase;
			buildActionMask = 2147483647;
			files = (
				23B3DCEB1BA7EBB900D54150 /* ViewController.swift in Sources */,
				23B3DCE91BA7EBB900D54150 /* AppDelegate.swift in Sources */,
			);
			runOnlyForDeploymentPostprocessing = 0;
		};
		23B3DCF11BA7EBB900D54150 /* Sources */ = {
			isa = PBXSourcesBuildPhase;
			buildActionMask = 2147483647;
			files = (
				23B3DCFC1BA7EBB900D54150 /* jsCallSwiftTests.swift in Sources */,
			);
			runOnlyForDeploymentPostprocessing = 0;
		};
/* End PBXSourcesBuildPhase section */

/* Begin PBXTargetDependency section */
		23B3DCF71BA7EBB900D54150 /* PBXTargetDependency */ = {
			isa = PBXTargetDependency;
			target = 23B3DCE21BA7EBB800D54150 /* jsCallSwift */;
			targetProxy = 23B3DCF61BA7EBB900D54150 /* PBXContainerItemProxy */;
		};
/* End PBXTargetDependency section */

/* Begin PBXVariantGroup section */
		23B3DCEE1BA7EBB900D54150 /* Main.storyboard */ = {
			isa = PBXVariantGroup;
			children = (
				23B3DCEF1BA7EBB900D54150 /* Base */,
			);
			name = Main.storyboard;
			sourceTree = "<group>";
		};
/* End PBXVariantGroup section */

/* Begin XCBuildConfiguration section */
		23B3DCFD1BA7EBB900D54150 /* Debug */ = {
			isa = XCBuildConfiguration;
			buildSettings = {
				ALWAYS_SEARCH_USER_PATHS = NO;
				CLANG_CXX_LANGUAGE_STANDARD = "gnu++0x";
				CLANG_CXX_LIBRARY = "libc++";
				CLANG_ENABLE_MODULES = YES;
				CLANG_ENABLE_OBJC_ARC = YES;
				CLANG_WARN_BOOL_CONVERSION = YES;
				CLANG_WARN_CONSTANT_CONVERSION = YES;
				CLANG_WARN_DIRECT_OBJC_ISA_USAGE = YES_ERROR;
				CLANG_WARN_EMPTY_BODY = YES;
				CLANG_WARN_ENUM_CONVERSION = YES;
				CLANG_WARN_INT_CONVERSION = YES;
				CLANG_WARN_OBJC_ROOT_CLASS = YES_ERROR;
				CLANG_WARN_UNREACHABLE_CODE = YES;
				CLANG_WARN__DUPLICATE_METHOD_MATCH = YES;
				CODE_SIGN_IDENTITY = "-";
				COPY_PHASE_STRIP = NO;
				DEBUG_INFORMATION_FORMAT = dwarf;
				ENABLE_STRICT_OBJC_MSGSEND = YES;
				GCC_C_LANGUAGE_STANDARD = gnu99;
				GCC_DYNAMIC_NO_PIC = NO;
				GCC_NO_COMMON_BLOCKS = YES;
				GCC_OPTIMIZATION_LEVEL = 0;
				GCC_PREPROCESSOR_DEFINITIONS = (
					"DEBUG=1",
					"$(inherited)",
				);
				GCC_SYMBOLS_PRIVATE_EXTERN = NO;
				GCC_WARN_64_TO_32_BIT_CONVERSION = YES;
				GCC_WARN_ABOUT_RETURN_TYPE = YES_ERROR;
				GCC_WARN_UNDECLARED_SELECTOR = YES;
				GCC_WARN_UNINITIALIZED_AUTOS = YES_AGGRESSIVE;
				GCC_WARN_UNUSED_FUNCTION = YES;
				GCC_WARN_UNUSED_VARIABLE = YES;
				MACOSX_DEPLOYMENT_TARGET = 10.10;
				MTL_ENABLE_DEBUG_INFO = YES;
				ONLY_ACTIVE_ARCH = YES;
				SDKROOT = macosx;
				SWIFT_OPTIMIZATION_LEVEL = "-Onone";
			};
			name = Debug;
		};
		23B3DCFE1BA7EBB900D54150 /* Release */ = {
			isa = XCBuildConfiguration;
			buildSettings = {
				ALWAYS_SEARCH_USER_PATHS = NO;
				CLANG_CXX_LANGUAGE_STANDARD = "gnu++0x";
				CLANG_CXX_LIBRARY = "libc++";
				CLANG_ENABLE_MODULES = YES;
				CLANG_ENABLE_OBJC_ARC = YES;
				CLANG_WARN_BOOL_CONVERSION = YES;
				CLANG_WARN_CONSTANT_CONVERSION = YES;
				CLANG_WARN_DIRECT_OBJC_ISA_USAGE = YES_ERROR;
				CLANG_WARN_EMPTY_BODY = YES;
				CLANG_WARN_ENUM_CONVERSION = YES;
				CLANG_WARN_INT_CONVERSION = YES;
				CLANG_WARN_OBJC_ROOT_CLASS = YES_ERROR;
				CLANG_WARN_UNREACHABLE_CODE = YES;
				CLANG_WARN__DUPLICATE_METHOD_MATCH = YES;
				CODE_SIGN_IDENTITY = "-";
				COPY_PHASE_STRIP = NO;
				DEBUG_INFORMATION_FORMAT = "dwarf-with-dsym";
				ENABLE_NS_ASSERTIONS = NO;
				ENABLE_STRICT_OBJC_MSGSEND = YES;
				GCC_C_LANGUAGE_STANDARD = gnu99;
				GCC_NO_COMMON_BLOCKS = YES;
				GCC_WARN_64_TO_32_BIT_CONVERSION = YES;
				GCC_WARN_ABOUT_RETURN_TYPE = YES_ERROR;
				GCC_WARN_UNDECLARED_SELECTOR = YES;
				GCC_WARN_UNINITIALIZED_AUTOS = YES_AGGRESSIVE;
				GCC_WARN_UNUSED_FUNCTION = YES;
				GCC_WARN_UNUSED_VARIABLE = YES;
				MACOSX_DEPLOYMENT_TARGET = 10.10;
				MTL_ENABLE_DEBUG_INFO = NO;
				SDKROOT = macosx;
			};
			name = Release;
		};
		23B3DD001BA7EBB900D54150 /* Debug */ = {
			isa = XCBuildConfiguration;
			buildSettings = {
				ASSETCATALOG_COMPILER_APPICON_NAME = AppIcon;
				COMBINE_HIDPI_IMAGES = YES;
				INFOPLIST_FILE = jsCallSwift/Info.plist;
				LD_RUNPATH_SEARCH_PATHS = "$(inherited) @executable_path/../Frameworks";
				PRODUCT_NAME = "$(TARGET_NAME)";
			};
			name = Debug;
		};
		23B3DD011BA7EBB900D54150 /* Release */ = {
			isa = XCBuildConfiguration;
			buildSettings = {
				ASSETCATALOG_COMPILER_APPICON_NAME = AppIcon;
				COMBINE_HIDPI_IMAGES = YES;
				INFOPLIST_FILE = jsCallSwift/Info.plist;
				LD_RUNPATH_SEARCH_PATHS = "$(inherited) @executable_path/../Frameworks";
				PRODUCT_NAME = "$(TARGET_NAME)";
			};
			name = Release;
		};
		23B3DD031BA7EBB900D54150 /* Debug */ = {
			isa = XCBuildConfiguration;
			buildSettings = {
				BUNDLE_LOADER = "$(TEST_HOST)";
				COMBINE_HIDPI_IMAGES = YES;
				FRAMEWORK_SEARCH_PATHS = (
					"$(DEVELOPER_FRAMEWORKS_DIR)",
					"$(inherited)",
				);
				GCC_PREPROCESSOR_DEFINITIONS = (
					"DEBUG=1",
					"$(inherited)",
				);
				INFOPLIST_FILE = jsCallSwiftTests/Info.plist;
				LD_RUNPATH_SEARCH_PATHS = "$(inherited) @executable_path/../Frameworks @loader_path/../Frameworks";
				PRODUCT_NAME = "$(TARGET_NAME)";
				TEST_HOST = "$(BUILT_PRODUCTS_DIR)/jsCallSwift.app/Contents/MacOS/jsCallSwift";
			};
			name = Debug;
		};
		23B3DD041BA7EBB900D54150 /* Release */ = {
			isa = XCBuildConfiguration;
			buildSettings = {
				BUNDLE_LOADER = "$(TEST_HOST)";
				COMBINE_HIDPI_IMAGES = YES;
				FRAMEWORK_SEARCH_PATHS = (
					"$(DEVELOPER_FRAMEWORKS_DIR)",
					"$(inherited)",
				);
				INFOPLIST_FILE = jsCallSwiftTests/Info.plist;
				LD_RUNPATH_SEARCH_PATHS = "$(inherited) @executable_path/../Frameworks @loader_path/../Frameworks";
				PRODUCT_NAME = "$(TARGET_NAME)";
				TEST_HOST = "$(BUILT_PRODUCTS_DIR)/jsCallSwift.app/Contents/MacOS/jsCallSwift";
			};
			name = Release;
		};
/* End XCBuildConfiguration section */

/* Begin XCConfigurationList section */
		23B3DCDE1BA7EBB800D54150 /* Build configuration list for PBXProject "jsCallSwift" */ = {
			isa = XCConfigurationList;
			buildConfigurations = (
				23B3DCFD1BA7EBB900D54150 /* Debug */,
				23B3DCFE1BA7EBB900D54150 /* Release */,
			);
			defaultConfigurationIsVisible = 0;
			defaultConfigurationName = Release;
		};
		23B3DCFF1BA7EBB900D54150 /* Build configuration list for PBXNativeTarget "jsCallSwift" */ = {
			isa = XCConfigurationList;
			buildConfigurations = (
				23B3DD001BA7EBB900D54150 /* Debug */,
				23B3DD011BA7EBB900D54150 /* Release */,
			);
			defaultConfigurationIsVisible = 0;
		};
		23B3DD021BA7EBB900D54150 /* Build configuration list for PBXNativeTarget "jsCallSwiftTests" */ = {
			isa = XCConfigurationList;
			buildConfigurations = (
				23B3DD031BA7EBB900D54150 /* Debug */,
				23B3DD041BA7EBB900D54150 /* Release */,
			);
			defaultConfigurationIsVisible = 0;
		};
/* End XCConfigurationList section */
	};
	rootObject = 23B3DCDB1BA7EBB800D54150 /* Project object */;
}
